
Microsoft Visual Studio Solution File, Format Version 12.00
# Visual Studio Version 17
VisualStudioVersion = 17.4.33213.308
MinimumVisualStudioVersion = 10.0.40219.1
Project("{FAE04EC0-301F-11D3-BF4B-00C04F79EFBC}") = "WebApplication1", "WebApplication1\WebApplication1.csproj", "{4A897AFD-B8F6-4045-BF1B-B0AF92BB5357}"
EndProject
Global
	GlobalSection(SolutionConfigurationPlatforms) = preSolution
		Debug|Any CPU = Debug|Any CPU
		Release|Any CPU = Release|Any CPU
	EndGlobalSection
	GlobalSection(ProjectConfigurationPlatforms) = postSolution
		{4A897AFD-B8F6-4045-BF1B-B0AF92BB5357}.Debug|Any CPU.ActiveCfg = Debug|Any CPU
		{4A897AFD-B8F6-4045-BF1B-B0AF92BB5357}.Debug|Any CPU.Build.0 = Debug|Any CPU
		{4A897AFD-B8F6-4045-BF1B-B0AF92BB5357}.Release|Any CPU.ActiveCfg = Release|Any CPU
		{4A897AFD-B8F6-4045-BF1B-B0AF92BB5357}.Release|Any CPU.Build.0 = Release|Any CPU
	EndGlobalSection
	GlobalSection(SolutionProperties) = preSolution
		HideSolutionNode = FALSE
	EndGlobalSection
	GlobalSection(ExtensibilityGlobals) = postSolution
		SolutionGuid = {78F2EC96-7BB3-4DF5-8BB4-3DA4D0205E0F}
	EndGlobalSection
EndGlobal
